// !$*UTF8*$!
{
	archiveVersion = 1;
	classes = {
	};
	objectVersion = 56;
	objects = {

/* Begin PBXBuildFile section */
		1F44C1CF2BDA330000445428 /* Currency.swift in Sources */ = {isa = PBXBuildFile; fileRef = 1F44C1CE2BDA330000445428 /* Currency.swift */; };
		1F44C1D12BDA487200445428 /* CurrencyListView.swift in Sources */ = {isa = PBXBuildFile; fileRef = 1F44C1D02BDA487200445428 /* CurrencyListView.swift */; };
		1F5197512BD7A3F60082F760 /* CurrencyConvertorApp.swift in Sources */ = {isa = PBXBuildFile; fileRef = 1F5197502BD7A3F60082F760 /* CurrencyConvertorApp.swift */; };
		1F5197532BD7A3F60082F760 /* ContentView.swift in Sources */ = {isa = PBXBuildFile; fileRef = 1F5197522BD7A3F60082F760 /* ContentView.swift */; };
		1F5197552BD7A3F90082F760 /* Assets.xcassets in Resources */ = {isa = PBXBuildFile; fileRef = 1F5197542BD7A3F90082F760 /* Assets.xcassets */; };
		1F5197582BD7A3F90082F760 /* Preview Assets.xcassets in Resources */ = {isa = PBXBuildFile; fileRef = 1F5197572BD7A3F90082F760 /* Preview Assets.xcassets */; };
		1F5197622BD7A3FA0082F760 /* CurrencyConvertorTests.swift in Sources */ = {isa = PBXBuildFile; fileRef = 1F5197612BD7A3FA0082F760 /* CurrencyConvertorTests.swift */; };
		1F51976C2BD7A3FA0082F760 /* CurrencyConvertorUITests.swift in Sources */ = {isa = PBXBuildFile; fileRef = 1F51976B2BD7A3FA0082F760 /* CurrencyConvertorUITests.swift */; };
		1F51976E2BD7A3FA0082F760 /* CurrencyConvertorUITestsLaunchTests.swift in Sources */ = {isa = PBXBuildFile; fileRef = 1F51976D2BD7A3FA0082F760 /* CurrencyConvertorUITestsLaunchTests.swift */; };
		1F51977E2BD7CB300082F760 /* CurrencyInputView.swift in Sources */ = {isa = PBXBuildFile; fileRef = 1F51977D2BD7CB300082F760 /* CurrencyInputView.swift */; };
		1F5197832BD7D4EF0082F760 /* HeaderView.swift in Sources */ = {isa = PBXBuildFile; fileRef = 1F5197822BD7D4EF0082F760 /* HeaderView.swift */; };
		1F5197852BD7D5910082F760 /* ConverterView.swift in Sources */ = {isa = PBXBuildFile; fileRef = 1F5197842BD7D5910082F760 /* ConverterView.swift */; };
		1F5197872BD8051B0082F760 /* Service.swift in Sources */ = {isa = PBXBuildFile; fileRef = 1F5197862BD8051B0082F760 /* Service.swift */; };
		1F51978A2BD8E5AE0082F760 /* API.swift in Sources */ = {isa = PBXBuildFile; fileRef = 1F5197892BD8E5AE0082F760 /* API.swift */; };
		1F51978D2BD8FB430082F760 /* APIError.swift in Sources */ = {isa = PBXBuildFile; fileRef = 1F51978C2BD8FB430082F760 /* APIError.swift */; };
		1F5197902BD94E530082F760 /* CurrencyModel.swift in Sources */ = {isa = PBXBuildFile; fileRef = 1F51978F2BD94E530082F760 /* CurrencyModel.swift */; };
		1F5197922BD94EFB0082F760 /* ExchangeRates.swift in Sources */ = {isa = PBXBuildFile; fileRef = 1F5197912BD94EFB0082F760 /* ExchangeRates.swift */; };
/* End PBXBuildFile section */

/* Begin PBXContainerItemProxy section */
		1F51975E2BD7A3FA0082F760 /* PBXContainerItemProxy */ = {
			isa = PBXContainerItemProxy;
			containerPortal = 1F5197452BD7A3F60082F760 /* Project object */;
			proxyType = 1;
			remoteGlobalIDString = 1F51974C2BD7A3F60082F760;
			remoteInfo = CurrencyConvertor;
		};
		1F5197682BD7A3FA0082F760 /* PBXContainerItemProxy */ = {
			isa = PBXContainerItemProxy;
			containerPortal = 1F5197452BD7A3F60082F760 /* Project object */;
			proxyType = 1;
			remoteGlobalIDString = 1F51974C2BD7A3F60082F760;
			remoteInfo = CurrencyConvertor;
		};
/* End PBXContainerItemProxy section */

/* Begin PBXFileReference section */
		1F44C1CE2BDA330000445428 /* Currency.swift */ = {isa = PBXFileReference; lastKnownFileType = sourcecode.swift; path = Currency.swift; sourceTree = "<group>"; };
		1F44C1D02BDA487200445428 /* CurrencyListView.swift */ = {isa = PBXFileReference; lastKnownFileType = sourcecode.swift; path = CurrencyListView.swift; sourceTree = "<group>"; };
		1F51974D2BD7A3F60082F760 /* CurrencyConvertor.app */ = {isa = PBXFileReference; explicitFileType = wrapper.application; includeInIndex = 0; path = CurrencyConvertor.app; sourceTree = BUILT_PRODUCTS_DIR; };
		1F5197502BD7A3F60082F760 /* CurrencyConvertorApp.swift */ = {isa = PBXFileReference; lastKnownFileType = sourcecode.swift; path = CurrencyConvertorApp.swift; sourceTree = "<group>"; };
		1F5197522BD7A3F60082F760 /* ContentView.swift */ = {isa = PBXFileReference; lastKnownFileType = sourcecode.swift; path = ContentView.swift; sourceTree = "<group>"; };
		1F5197542BD7A3F90082F760 /* Assets.xcassets */ = {isa = PBXFileReference; lastKnownFileType = folder.assetcatalog; path = Assets.xcassets; sourceTree = "<group>"; };
		1F5197572BD7A3F90082F760 /* Preview Assets.xcassets */ = {isa = PBXFileReference; lastKnownFileType = folder.assetcatalog; path = "Preview Assets.xcassets"; sourceTree = "<group>"; };
		1F51975D2BD7A3FA0082F760 /* CurrencyConvertorTests.xctest */ = {isa = PBXFileReference; explicitFileType = wrapper.cfbundle; includeInIndex = 0; path = CurrencyConvertorTests.xctest; sourceTree = BUILT_PRODUCTS_DIR; };
		1F5197612BD7A3FA0082F760 /* CurrencyConvertorTests.swift */ = {isa = PBXFileReference; lastKnownFileType = sourcecode.swift; path = CurrencyConvertorTests.swift; sourceTree = "<group>"; };
		1F5197672BD7A3FA0082F760 /* CurrencyConvertorUITests.xctest */ = {isa = PBXFileReference; explicitFileType = wrapper.cfbundle; includeInIndex = 0; path = CurrencyConvertorUITests.xctest; sourceTree = BUILT_PRODUCTS_DIR; };
		1F51976B2BD7A3FA0082F760 /* CurrencyConvertorUITests.swift */ = {isa = PBXFileReference; lastKnownFileType = sourcecode.swift; path = CurrencyConvertorUITests.swift; sourceTree = "<group>"; };
		1F51976D2BD7A3FA0082F760 /* CurrencyConvertorUITestsLaunchTests.swift */ = {isa = PBXFileReference; lastKnownFileType = sourcecode.swift; path = CurrencyConvertorUITestsLaunchTests.swift; sourceTree = "<group>"; };
		1F51977D2BD7CB300082F760 /* CurrencyInputView.swift */ = {isa = PBXFileReference; lastKnownFileType = sourcecode.swift; path = CurrencyInputView.swift; sourceTree = "<group>"; };
		1F5197822BD7D4EF0082F760 /* HeaderView.swift */ = {isa = PBXFileReference; lastKnownFileType = sourcecode.swift; path = HeaderView.swift; sourceTree = "<group>"; };
		1F5197842BD7D5910082F760 /* ConverterView.swift */ = {isa = PBXFileReference; lastKnownFileType = sourcecode.swift; path = ConverterView.swift; sourceTree = "<group>"; };
		1F5197862BD8051B0082F760 /* Service.swift */ = {isa = PBXFileReference; lastKnownFileType = sourcecode.swift; path = Service.swift; sourceTree = "<group>"; };
		1F5197892BD8E5AE0082F760 /* API.swift */ = {isa = PBXFileReference; lastKnownFileType = sourcecode.swift; path = API.swift; sourceTree = "<group>"; };
		1F51978C2BD8FB430082F760 /* APIError.swift */ = {isa = PBXFileReference; lastKnownFileType = sourcecode.swift; path = APIError.swift; sourceTree = "<group>"; };
		1F51978F2BD94E530082F760 /* CurrencyModel.swift */ = {isa = PBXFileReference; lastKnownFileType = sourcecode.swift; path = CurrencyModel.swift; sourceTree = "<group>"; };
		1F5197912BD94EFB0082F760 /* ExchangeRates.swift */ = {isa = PBXFileReference; lastKnownFileType = sourcecode.swift; path = ExchangeRates.swift; sourceTree = "<group>"; };
/* End PBXFileReference section */

/* Begin PBXFrameworksBuildPhase section */
		1F51974A2BD7A3F60082F760 /* Frameworks */ = {
			isa = PBXFrameworksBuildPhase;
			buildActionMask = 2147483647;
			files = (
			);
			runOnlyForDeploymentPostprocessing = 0;
		};
		1F51975A2BD7A3FA0082F760 /* Frameworks */ = {
			isa = PBXFrameworksBuildPhase;
			buildActionMask = 2147483647;
			files = (
			);
			runOnlyForDeploymentPostprocessing = 0;
		};
		1F5197642BD7A3FA0082F760 /* Frameworks */ = {
			isa = PBXFrameworksBuildPhase;
			buildActionMask = 2147483647;
			files = (
			);
			runOnlyForDeploymentPostprocessing = 0;
		};
/* End PBXFrameworksBuildPhase section */

/* Begin PBXGroup section */
		1F5197442BD7A3F60082F760 = {
			isa = PBXGroup;
			children = (
				1F51974F2BD7A3F60082F760 /* CurrencyConvertor */,
				1F5197602BD7A3FA0082F760 /* CurrencyConvertorTests */,
				1F51976A2BD7A3FA0082F760 /* CurrencyConvertorUITests */,
				1F51974E2BD7A3F60082F760 /* Products */,
			);
			sourceTree = "<group>";
		};
		1F51974E2BD7A3F60082F760 /* Products */ = {
			isa = PBXGroup;
			children = (
				1F51974D2BD7A3F60082F760 /* CurrencyConvertor.app */,
				1F51975D2BD7A3FA0082F760 /* CurrencyConvertorTests.xctest */,
				1F5197672BD7A3FA0082F760 /* CurrencyConvertorUITests.xctest */,
			);
			name = Products;
			sourceTree = "<group>";
		};
		1F51974F2BD7A3F60082F760 /* CurrencyConvertor */ = {
			isa = PBXGroup;
			children = (
				1F51978E2BD94E490082F760 /* Model */,
				1F5197882BD8E59E0082F760 /* Network */,
				1F51977C2BD7CB260082F760 /* Views */,
				1F5197502BD7A3F60082F760 /* CurrencyConvertorApp.swift */,
				1F5197522BD7A3F60082F760 /* ContentView.swift */,
				1F5197542BD7A3F90082F760 /* Assets.xcassets */,
				1F5197562BD7A3F90082F760 /* Preview Content */,
			);
			path = CurrencyConvertor;
			sourceTree = "<group>";
		};
		1F5197562BD7A3F90082F760 /* Preview Content */ = {
			isa = PBXGroup;
			children = (
				1F5197572BD7A3F90082F760 /* Preview Assets.xcassets */,
			);
			path = "Preview Content";
			sourceTree = "<group>";
		};
		1F5197602BD7A3FA0082F760 /* CurrencyConvertorTests */ = {
			isa = PBXGroup;
			children = (
				1F5197612BD7A3FA0082F760 /* CurrencyConvertorTests.swift */,
			);
			path = CurrencyConvertorTests;
			sourceTree = "<group>";
		};
		1F51976A2BD7A3FA0082F760 /* CurrencyConvertorUITests */ = {
			isa = PBXGroup;
			children = (
				1F51976B2BD7A3FA0082F760 /* CurrencyConvertorUITests.swift */,
				1F51976D2BD7A3FA0082F760 /* CurrencyConvertorUITestsLaunchTests.swift */,
			);
			path = CurrencyConvertorUITests;
			sourceTree = "<group>";
		};
		1F51977C2BD7CB260082F760 /* Views */ = {
			isa = PBXGroup;
			children = (
				1F51977D2BD7CB300082F760 /* CurrencyInputView.swift */,
				1F5197822BD7D4EF0082F760 /* HeaderView.swift */,
				1F5197842BD7D5910082F760 /* ConverterView.swift */,
				1F44C1D02BDA487200445428 /* CurrencyListView.swift */,
			);
			path = Views;
			sourceTree = "<group>";
		};
		1F5197882BD8E59E0082F760 /* Network */ = {
			isa = PBXGroup;
			children = (
				1F5197862BD8051B0082F760 /* Service.swift */,
				1F5197892BD8E5AE0082F760 /* API.swift */,
				1F51978C2BD8FB430082F760 /* APIError.swift */,
			);
			path = Network;
			sourceTree = "<group>";
		};
		1F51978E2BD94E490082F760 /* Model */ = {
			isa = PBXGroup;
			children = (
				1F51978F2BD94E530082F760 /* CurrencyModel.swift */,
				1F5197912BD94EFB0082F760 /* ExchangeRates.swift */,
				1F44C1CE2BDA330000445428 /* Currency.swift */,
			);
			path = Model;
			sourceTree = "<group>";
		};
/* End PBXGroup section */

/* Begin PBXNativeTarget section */
		1F51974C2BD7A3F60082F760 /* CurrencyConvertor */ = {
			isa = PBXNativeTarget;
			buildConfigurationList = 1F5197712BD7A3FA0082F760 /* Build configuration list for PBXNativeTarget "CurrencyConvertor" */;
			buildPhases = (
				1F5197492BD7A3F60082F760 /* Sources */,
				1F51974A2BD7A3F60082F760 /* Frameworks */,
				1F51974B2BD7A3F60082F760 /* Resources */,
			);
			buildRules = (
			);
			dependencies = (
			);
			name = CurrencyConvertor;
			productName = CurrencyConvertor;
			productReference = 1F51974D2BD7A3F60082F760 /* CurrencyConvertor.app */;
			productType = "com.apple.product-type.application";
		};
		1F51975C2BD7A3FA0082F760 /* CurrencyConvertorTests */ = {
			isa = PBXNativeTarget;
			buildConfigurationList = 1F5197742BD7A3FA0082F760 /* Build configuration list for PBXNativeTarget "CurrencyConvertorTests" */;
			buildPhases = (
				1F5197592BD7A3FA0082F760 /* Sources */,
				1F51975A2BD7A3FA0082F760 /* Frameworks */,
				1F51975B2BD7A3FA0082F760 /* Resources */,
			);
			buildRules = (
			);
			dependencies = (
				1F51975F2BD7A3FA0082F760 /* PBXTargetDependency */,
			);
			name = CurrencyConvertorTests;
			productName = CurrencyConvertorTests;
			productReference = 1F51975D2BD7A3FA0082F760 /* CurrencyConvertorTests.xctest */;
			productType = "com.apple.product-type.bundle.unit-test";
		};
		1F5197662BD7A3FA0082F760 /* CurrencyConvertorUITests */ = {
			isa = PBXNativeTarget;
			buildConfigurationList = 1F5197772BD7A3FA0082F760 /* Build configuration list for PBXNativeTarget "CurrencyConvertorUITests" */;
			buildPhases = (
				1F5197632BD7A3FA0082F760 /* Sources */,
				1F5197642BD7A3FA0082F760 /* Frameworks */,
				1F5197652BD7A3FA0082F760 /* Resources */,
			);
			buildRules = (
			);
			dependencies = (
				1F5197692BD7A3FA0082F760 /* PBXTargetDependency */,
			);
			name = CurrencyConvertorUITests;
			productName = CurrencyConvertorUITests;
			productReference = 1F5197672BD7A3FA0082F760 /* CurrencyConvertorUITests.xctest */;
			productType = "com.apple.product-type.bundle.ui-testing";
		};
/* End PBXNativeTarget section */

/* Begin PBXProject section */
		1F5197452BD7A3F60082F760 /* Project object */ = {
			isa = PBXProject;
			attributes = {
				BuildIndependentTargetsInParallel = 1;
				LastSwiftUpdateCheck = 1530;
				LastUpgradeCheck = 1530;
				TargetAttributes = {
					1F51974C2BD7A3F60082F760 = {
						CreatedOnToolsVersion = 15.3;
					};
					1F51975C2BD7A3FA0082F760 = {
						CreatedOnToolsVersion = 15.3;
						TestTargetID = 1F51974C2BD7A3F60082F760;
					};
					1F5197662BD7A3FA0082F760 = {
						CreatedOnToolsVersion = 15.3;
						TestTargetID = 1F51974C2BD7A3F60082F760;
					};
				};
			};
			buildConfigurationList = 1F5197482BD7A3F60082F760 /* Build configuration list for PBXProject "CurrencyConvertor" */;
			compatibilityVersion = "Xcode 14.0";
			developmentRegion = en;
			hasScannedForEncodings = 0;
			knownRegions = (
				en,
				Base,
			);
			mainGroup = 1F5197442BD7A3F60082F760;
			productRefGroup = 1F51974E2BD7A3F60082F760 /* Products */;
			projectDirPath = "";
			projectRoot = "";
			targets = (
				1F51974C2BD7A3F60082F760 /* CurrencyConvertor */,
				1F51975C2BD7A3FA0082F760 /* CurrencyConvertorTests */,
				1F5197662BD7A3FA0082F760 /* CurrencyConvertorUITests */,
			);
		};
/* End PBXProject section */

/* Begin PBXResourcesBuildPhase section */
		1F51974B2BD7A3F60082F760 /* Resources */ = {
			isa = PBXResourcesBuildPhase;
			buildActionMask = 2147483647;
			files = (
				1F5197582BD7A3F90082F760 /* Preview Assets.xcassets in Resources */,
				1F5197552BD7A3F90082F760 /* Assets.xcassets in Resources */,
			);
			runOnlyForDeploymentPostprocessing = 0;
		};
		1F51975B2BD7A3FA0082F760 /* Resources */ = {
			isa = PBXResourcesBuildPhase;
			buildActionMask = 2147483647;
			files = (
			);
			runOnlyForDeploymentPostprocessing = 0;
		};
		1F5197652BD7A3FA0082F760 /* Resources */ = {
			isa = PBXResourcesBuildPhase;
			buildActionMask = 2147483647;
			files = (
			);
			runOnlyForDeploymentPostprocessing = 0;
		};
/* End PBXResourcesBuildPhase section */

/* Begin PBXSourcesBuildPhase section */
		1F5197492BD7A3F60082F760 /* Sources */ = {
			isa = PBXSourcesBuildPhase;
			buildActionMask = 2147483647;
			files = (
				1F51977E2BD7CB300082F760 /* CurrencyInputView.swift in Sources */,
				1F5197532BD7A3F60082F760 /* ContentView.swift in Sources */,
				1F5197852BD7D5910082F760 /* ConverterView.swift in Sources */,
				1F5197832BD7D4EF0082F760 /* HeaderView.swift in Sources */,
				1F5197512BD7A3F60082F760 /* CurrencyConvertorApp.swift in Sources */,
				1F5197902BD94E530082F760 /* CurrencyModel.swift in Sources */,
				1F44C1CF2BDA330000445428 /* Currency.swift in Sources */,
				1F44C1D12BDA487200445428 /* CurrencyListView.swift in Sources */,
				1F51978D2BD8FB430082F760 /* APIError.swift in Sources */,
				1F5197872BD8051B0082F760 /* Service.swift in Sources */,
				1F5197922BD94EFB0082F760 /* ExchangeRates.swift in Sources */,
				1F51978A2BD8E5AE0082F760 /* API.swift in Sources */,
			);
			runOnlyForDeploymentPostprocessing = 0;
		};
		1F5197592BD7A3FA0082F760 /* Sources */ = {
			isa = PBXSourcesBuildPhase;
			buildActionMask = 2147483647;
			files = (
				1F5197622BD7A3FA0082F760 /* CurrencyConvertorTests.swift in Sources */,
			);
			runOnlyForDeploymentPostprocessing = 0;
		};
		1F5197632BD7A3FA0082F760 /* Sources */ = {
			isa = PBXSourcesBuildPhase;
			buildActionMask = 2147483647;
			files = (
				1F51976E2BD7A3FA0082F760 /* CurrencyConvertorUITestsLaunchTests.swift in Sources */,
				1F51976C2BD7A3FA0082F760 /* CurrencyConvertorUITests.swift in Sources */,
			);
			runOnlyForDeploymentPostprocessing = 0;
		};
/* End PBXSourcesBuildPhase section */

/* Begin PBXTargetDependency section */
		1F51975F2BD7A3FA0082F760 /* PBXTargetDependency */ = {
			isa = PBXTargetDependency;
			target = 1F51974C2BD7A3F60082F760 /* CurrencyConvertor */;
			targetProxy = 1F51975E2BD7A3FA0082F760 /* PBXContainerItemProxy */;
		};
		1F5197692BD7A3FA0082F760 /* PBXTargetDependency */ = {
			isa = PBXTargetDependency;
			target = 1F51974C2BD7A3F60082F760 /* CurrencyConvertor */;
			targetProxy = 1F5197682BD7A3FA0082F760 /* PBXContainerItemProxy */;
		};
/* End PBXTargetDependency section */

/* Begin XCBuildConfiguration section */
		1F51976F2BD7A3FA0082F760 /* Debug */ = {
			isa = XCBuildConfiguration;
			buildSettings = {
				ALWAYS_SEARCH_USER_PATHS = NO;
				ASSETCATALOG_COMPILER_GENERATE_SWIFT_ASSET_SYMBOL_EXTENSIONS = YES;
				CLANG_ANALYZER_NONNULL = YES;
				CLANG_ANALYZER_NUMBER_OBJECT_CONVERSION = YES_AGGRESSIVE;
				CLANG_CXX_LANGUAGE_STANDARD = "gnu++20";
				CLANG_ENABLE_MODULES = YES;
				CLANG_ENABLE_OBJC_ARC = YES;
				CLANG_ENABLE_OBJC_WEAK = YES;
				CLANG_WARN_BLOCK_CAPTURE_AUTORELEASING = YES;
				CLANG_WARN_BOOL_CONVERSION = YES;
				CLANG_WARN_COMMA = YES;
				CLANG_WARN_CONSTANT_CONVERSION = YES;
				CLANG_WARN_DEPRECATED_OBJC_IMPLEMENTATIONS = YES;
				CLANG_WARN_DIRECT_OBJC_ISA_USAGE = YES_ERROR;
				CLANG_WARN_DOCUMENTATION_COMMENTS = YES;
				CLANG_WARN_EMPTY_BODY = YES;
				CLANG_WARN_ENUM_CONVERSION = YES;
				CLANG_WARN_INFINITE_RECURSION = YES;
				CLANG_WARN_INT_CONVERSION = YES;
				CLANG_WARN_NON_LITERAL_NULL_CONVERSION = YES;
				CLANG_WARN_OBJC_IMPLICIT_RETAIN_SELF = YES;
				CLANG_WARN_OBJC_LITERAL_CONVERSION = YES;
				CLANG_WARN_OBJC_ROOT_CLASS = YES_ERROR;
				CLANG_WARN_QUOTED_INCLUDE_IN_FRAMEWORK_HEADER = YES;
				CLANG_WARN_RANGE_LOOP_ANALYSIS = YES;
				CLANG_WARN_STRICT_PROTOTYPES = YES;
				CLANG_WARN_SUSPICIOUS_MOVE = YES;
				CLANG_WARN_UNGUARDED_AVAILABILITY = YES_AGGRESSIVE;
				CLANG_WARN_UNREACHABLE_CODE = YES;
				CLANG_WARN__DUPLICATE_METHOD_MATCH = YES;
				COPY_PHASE_STRIP = NO;
				DEBUG_INFORMATION_FORMAT = dwarf;
				ENABLE_STRICT_OBJC_MSGSEND = YES;
				ENABLE_TESTABILITY = YES;
				ENABLE_USER_SCRIPT_SANDBOXING = YES;
				GCC_C_LANGUAGE_STANDARD = gnu17;
				GCC_DYNAMIC_NO_PIC = NO;
				GCC_NO_COMMON_BLOCKS = YES;
				GCC_OPTIMIZATION_LEVEL = 0;
				GCC_PREPROCESSOR_DEFINITIONS = (
					"DEBUG=1",
					"$(inherited)",
				);
				GCC_WARN_64_TO_32_BIT_CONVERSION = YES;
				GCC_WARN_ABOUT_RETURN_TYPE = YES_ERROR;
				GCC_WARN_UNDECLARED_SELECTOR = YES;
				GCC_WARN_UNINITIALIZED_AUTOS = YES_AGGRESSIVE;
				GCC_WARN_UNUSED_FUNCTION = YES;
				GCC_WARN_UNUSED_VARIABLE = YES;
				IPHONEOS_DEPLOYMENT_TARGET = 17.4;
				LOCALIZATION_PREFERS_STRING_CATALOGS = YES;
				MTL_ENABLE_DEBUG_INFO = INCLUDE_SOURCE;
				MTL_FAST_MATH = YES;
				ONLY_ACTIVE_ARCH = YES;
				SDKROOT = iphoneos;
				SWIFT_ACTIVE_COMPILATION_CONDITIONS = "DEBUG $(inherited)";
				SWIFT_OPTIMIZATION_LEVEL = "-Onone";
			};
			name = Debug;
		};
		1F5197702BD7A3FA0082F760 /* Release */ = {
			isa = XCBuildConfiguration;
			buildSettings = {
				ALWAYS_SEARCH_USER_PATHS = NO;
				ASSETCATALOG_COMPILER_GENERATE_SWIFT_ASSET_SYMBOL_EXTENSIONS = YES;
				CLANG_ANALYZER_NONNULL = YES;
				CLANG_ANALYZER_NUMBER_OBJECT_CONVERSION = YES_AGGRESSIVE;
				CLANG_CXX_LANGUAGE_STANDARD = "gnu++20";
				CLANG_ENABLE_MODULES = YES;
				CLANG_ENABLE_OBJC_ARC = YES;
				CLANG_ENABLE_OBJC_WEAK = YES;
				CLANG_WARN_BLOCK_CAPTURE_AUTORELEASING = YES;
				CLANG_WARN_BOOL_CONVERSION = YES;
				CLANG_WARN_COMMA = YES;
				CLANG_WARN_CONSTANT_CONVERSION = YES;
				CLANG_WARN_DEPRECATED_OBJC_IMPLEMENTATIONS = YES;
				CLANG_WARN_DIRECT_OBJC_ISA_USAGE = YES_ERROR;
				CLANG_WARN_DOCUMENTATION_COMMENTS = YES;
				CLANG_WARN_EMPTY_BODY = YES;
				CLANG_WARN_ENUM_CONVERSION = YES;
				CLANG_WARN_INFINITE_RECURSION = YES;
				CLANG_WARN_INT_CONVERSION = YES;
				CLANG_WARN_NON_LITERAL_NULL_CONVERSION = YES;
				CLANG_WARN_OBJC_IMPLICIT_RETAIN_SELF = YES;
				CLANG_WARN_OBJC_LITERAL_CONVERSION = YES;
				CLANG_WARN_OBJC_ROOT_CLASS = YES_ERROR;
				CLANG_WARN_QUOTED_INCLUDE_IN_FRAMEWORK_HEADER = YES;
				CLANG_WARN_RANGE_LOOP_ANALYSIS = YES;
				CLANG_WARN_STRICT_PROTOTYPES = YES;
				CLANG_WARN_SUSPICIOUS_MOVE = YES;
				CLANG_WARN_UNGUARDED_AVAILABILITY = YES_AGGRESSIVE;
				CLANG_WARN_UNREACHABLE_CODE = YES;
				CLANG_WARN__DUPLICATE_METHOD_MATCH = YES;
				COPY_PHASE_STRIP = NO;
				DEBUG_INFORMATION_FORMAT = "dwarf-with-dsym";
				ENABLE_NS_ASSERTIONS = NO;
				ENABLE_STRICT_OBJC_MSGSEND = YES;
				ENABLE_USER_SCRIPT_SANDBOXING = YES;
				GCC_C_LANGUAGE_STANDARD = gnu17;
				GCC_NO_COMMON_BLOCKS = YES;
				GCC_WARN_64_TO_32_BIT_CONVERSION = YES;
				GCC_WARN_ABOUT_RETURN_TYPE = YES_ERROR;
				GCC_WARN_UNDECLARED_SELECTOR = YES;
				GCC_WARN_UNINITIALIZED_AUTOS = YES_AGGRESSIVE;
				GCC_WARN_UNUSED_FUNCTION = YES;
				GCC_WARN_UNUSED_VARIABLE = YES;
				IPHONEOS_DEPLOYMENT_TARGET = 17.4;
				LOCALIZATION_PREFERS_STRING_CATALOGS = YES;
				MTL_ENABLE_DEBUG_INFO = NO;
				MTL_FAST_MATH = YES;
				SDKROOT = iphoneos;
				SWIFT_COMPILATION_MODE = wholemodule;
				VALIDATE_PRODUCT = YES;
			};
			name = Release;
		};
		1F5197722BD7A3FA0082F760 /* Debug */ = {
			isa = XCBuildConfiguration;
			buildSettings = {
				ASSETCATALOG_COMPILER_APPICON_NAME = AppIcon;
				ASSETCATALOG_COMPILER_GLOBAL_ACCENT_COLOR_NAME = AccentColor;
				CODE_SIGN_STYLE = Automatic;
				CURRENT_PROJECT_VERSION = 1;
				DEVELOPMENT_ASSET_PATHS = "\"CurrencyConvertor/Preview Content\"";
				ENABLE_PREVIEWS = YES;
				GENERATE_INFOPLIST_FILE = YES;
				INFOPLIST_KEY_UIApplicationSceneManifest_Generation = YES;
				INFOPLIST_KEY_UIApplicationSupportsIndirectInputEvents = YES;
				INFOPLIST_KEY_UILaunchScreen_Generation = YES;
				INFOPLIST_KEY_UISupportedInterfaceOrientations_iPad = "UIInterfaceOrientationPortrait UIInterfaceOrientationPortraitUpsideDown UIInterfaceOrientationLandscapeLeft UIInterfaceOrientationLandscapeRight";
				INFOPLIST_KEY_UISupportedInterfaceOrientations_iPhone = "UIInterfaceOrientationPortrait UIInterfaceOrientationLandscapeLeft UIInterfaceOrientationLandscapeRight";
				LD_RUNPATH_SEARCH_PATHS = (
					"$(inherited)",
					"@executable_path/Frameworks",
				);
				MARKETING_VERSION = 1.0;
				PRODUCT_BUNDLE_IDENTIFIER = com.prateek.CurrencyConvertor;
				PRODUCT_NAME = "$(TARGET_NAME)";
				SWIFT_EMIT_LOC_STRINGS = YES;
				SWIFT_VERSION = 5.0;
				TARGETED_DEVICE_FAMILY = "1,2";
			};
			name = Debug;
		};
		1F5197732BD7A3FA0082F760 /* Release */ = {
			isa = XCBuildConfiguration;
			buildSettings = {
				ASSETCATALOG_COMPILER_APPICON_NAME = AppIcon;
				ASSETCATALOG_COMPILER_GLOBAL_ACCENT_COLOR_NAME = AccentColor;
				CODE_SIGN_STYLE = Automatic;
				CURRENT_PROJECT_VERSION = 1;
				DEVELOPMENT_ASSET_PATHS = "\"CurrencyConvertor/Preview Content\"";
				ENABLE_PREVIEWS = YES;
				GENERATE_INFOPLIST_FILE = YES;
				INFOPLIST_KEY_UIApplicationSceneManifest_Generation = YES;
				INFOPLIST_KEY_UIApplicationSupportsIndirectInputEvents = YES;
				INFOPLIST_KEY_UILaunchScreen_Generation = YES;
				INFOPLIST_KEY_UISupportedInterfaceOrientations_iPad = "UIInterfaceOrientationPortrait UIInterfaceOrientationPortraitUpsideDown UIInterfaceOrientationLandscapeLeft UIInterfaceOrientationLandscapeRight";
				INFOPLIST_KEY_UISupportedInterfaceOrientations_iPhone = "UIInterfaceOrientationPortrait UIInterfaceOrientationLandscapeLeft UIInterfaceOrientationLandscapeRight";
				LD_RUNPATH_SEARCH_PATHS = (
					"$(inherited)",
					"@executable_path/Frameworks",
				);
				MARKETING_VERSION = 1.0;
				PRODUCT_BUNDLE_IDENTIFIER = com.prateek.CurrencyConvertor;
				PRODUCT_NAME = "$(TARGET_NAME)";
				SWIFT_EMIT_LOC_STRINGS = YES;
				SWIFT_VERSION = 5.0;
				TARGETED_DEVICE_FAMILY = "1,2";
			};
			name = Release;
		};
		1F5197752BD7A3FA0082F760 /* Debug */ = {
			isa = XCBuildConfiguration;
			buildSettings = {
				ALWAYS_EMBED_SWIFT_STANDARD_LIBRARIES = YES;
				BUNDLE_LOADER = "$(TEST_HOST)";
				CODE_SIGN_STYLE = Automatic;
				CURRENT_PROJECT_VERSION = 1;
				GENERATE_INFOPLIST_FILE = YES;
				IPHONEOS_DEPLOYMENT_TARGET = 17.4;
				MARKETING_VERSION = 1.0;
				PRODUCT_BUNDLE_IDENTIFIER = com.prateek.CurrencyConvertorTests;
				PRODUCT_NAME = "$(TARGET_NAME)";
				SWIFT_EMIT_LOC_STRINGS = NO;
				SWIFT_VERSION = 5.0;
				TARGETED_DEVICE_FAMILY = "1,2";
				TEST_HOST = "$(BUILT_PRODUCTS_DIR)/CurrencyConvertor.app/$(BUNDLE_EXECUTABLE_FOLDER_PATH)/CurrencyConvertor";
			};
			name = Debug;
		};
		1F5197762BD7A3FA0082F760 /* Release */ = {
			isa = XCBuildConfiguration;
			buildSettings = {
				ALWAYS_EMBED_SWIFT_STANDARD_LIBRARIES = YES;
				BUNDLE_LOADER = "$(TEST_HOST)";
				CODE_SIGN_STYLE = Automatic;
				CURRENT_PROJECT_VERSION = 1;
				GENERATE_INFOPLIST_FILE = YES;
				IPHONEOS_DEPLOYMENT_TARGET = 17.4;
				MARKETING_VERSION = 1.0;
				PRODUCT_BUNDLE_IDENTIFIER = com.prateek.CurrencyConvertorTests;
				PRODUCT_NAME = "$(TARGET_NAME)";
				SWIFT_EMIT_LOC_STRINGS = NO;
				SWIFT_VERSION = 5.0;
				TARGETED_DEVICE_FAMILY = "1,2";
				TEST_HOST = "$(BUILT_PRODUCTS_DIR)/CurrencyConvertor.app/$(BUNDLE_EXECUTABLE_FOLDER_PATH)/CurrencyConvertor";
			};
			name = Release;
		};
		1F5197782BD7A3FA0082F760 /* Debug */ = {
			isa = XCBuildConfiguration;
			buildSettings = {
				ALWAYS_EMBED_SWIFT_STANDARD_LIBRARIES = YES;
				CODE_SIGN_STYLE = Automatic;
				CURRENT_PROJECT_VERSION = 1;
				GENERATE_INFOPLIST_FILE = YES;
				MARKETING_VERSION = 1.0;
				PRODUCT_BUNDLE_IDENTIFIER = com.prateek.CurrencyConvertorUITests;
				PRODUCT_NAME = "$(TARGET_NAME)";
				SWIFT_EMIT_LOC_STRINGS = NO;
				SWIFT_VERSION = 5.0;
				TARGETED_DEVICE_FAMILY = "1,2";
				TEST_TARGET_NAME = CurrencyConvertor;
			};
			name = Debug;
		};
		1F5197792BD7A3FA0082F760 /* Release */ = {
			isa = XCBuildConfiguration;
			buildSettings = {
				ALWAYS_EMBED_SWIFT_STANDARD_LIBRARIES = YES;
				CODE_SIGN_STYLE = Automatic;
				CURRENT_PROJECT_VERSION = 1;
				GENERATE_INFOPLIST_FILE = YES;
				MARKETING_VERSION = 1.0;
				PRODUCT_BUNDLE_IDENTIFIER = com.prateek.CurrencyConvertorUITests;
				PRODUCT_NAME = "$(TARGET_NAME)";
				SWIFT_EMIT_LOC_STRINGS = NO;
				SWIFT_VERSION = 5.0;
				TARGETED_DEVICE_FAMILY = "1,2";
				TEST_TARGET_NAME = CurrencyConvertor;
			};
			name = Release;
		};
/* End XCBuildConfiguration section */

/* Begin XCConfigurationList section */
		1F5197482BD7A3F60082F760 /* Build configuration list for PBXProject "CurrencyConvertor" */ = {
			isa = XCConfigurationList;
			buildConfigurations = (
				1F51976F2BD7A3FA0082F760 /* Debug */,
				1F5197702BD7A3FA0082F760 /* Release */,
			);
			defaultConfigurationIsVisible = 0;
			defaultConfigurationName = Release;
		};
		1F5197712BD7A3FA0082F760 /* Build configuration list for PBXNativeTarget "CurrencyConvertor" */ = {
			isa = XCConfigurationList;
			buildConfigurations = (
				1F5197722BD7A3FA0082F760 /* Debug */,
				1F5197732BD7A3FA0082F760 /* Release */,
			);
			defaultConfigurationIsVisible = 0;
			defaultConfigurationName = Release;
		};
		1F5197742BD7A3FA0082F760 /* Build configuration list for PBXNativeTarget "CurrencyConvertorTests" */ = {
			isa = XCConfigurationList;
			buildConfigurations = (
				1F5197752BD7A3FA0082F760 /* Debug */,
				1F5197762BD7A3FA0082F760 /* Release */,
			);
			defaultConfigurationIsVisible = 0;
			defaultConfigurationName = Release;
		};
		1F5197772BD7A3FA0082F760 /* Build configuration list for PBXNativeTarget "CurrencyConvertorUITests" */ = {
			isa = XCConfigurationList;
			buildConfigurations = (
				1F5197782BD7A3FA0082F760 /* Debug */,
				1F5197792BD7A3FA0082F760 /* Release */,
			);
			defaultConfigurationIsVisible = 0;
			defaultConfigurationName = Release;
		};
/* End XCConfigurationList section */
	};
	rootObject = 1F5197452BD7A3F60082F760 /* Project object */;
}
